// !$*UTF8*$!
{
	archiveVersion = 1;
	classes = {
	};
	objectVersion = 46;
	objects = {

/* Begin PBXBuildFile section */
		028484BE1B17EA6B009D1516 /* AudioToolbox.framework in Frameworks */ = {isa = PBXBuildFile; fileRef = 028484BD1B17EA6B009D1516 /* AudioToolbox.framework */; };
		02867FCF1B17E81300085453 /* CFNetwork.framework in Frameworks */ = {isa = PBXBuildFile; fileRef = 02867FCE1B17E81300085453 /* CFNetwork.framework */; };
		02867FD11B17E81E00085453 /* CoreGraphics.framework in Frameworks */ = {isa = PBXBuildFile; fileRef = 02867FD01B17E81E00085453 /* CoreGraphics.framework */; };
		02867FD31B17E82700085453 /* MobileCoreServices.framework in Frameworks */ = {isa = PBXBuildFile; fileRef = 02867FD21B17E82700085453 /* MobileCoreServices.framework */; };
		02867FD51B17E83200085453 /* QuartzCore.framework in Frameworks */ = {isa = PBXBuildFile; fileRef = 02867FD41B17E83200085453 /* QuartzCore.framework */; };
		02867FD71B17E83E00085453 /* Security.framework in Frameworks */ = {isa = PBXBuildFile; fileRef = 02867FD61B17E83E00085453 /* Security.framework */; };
		02867FD91B17E84400085453 /* StoreKit.framework in Frameworks */ = {isa = PBXBuildFile; fileRef = 02867FD81B17E84400085453 /* StoreKit.framework */; };
		02867FDB1B17E85000085453 /* SystemConfiguration.framework in Frameworks */ = {isa = PBXBuildFile; fileRef = 02867FDA1B17E85000085453 /* SystemConfiguration.framework */; };
		02867FDD1B17E85B00085453 /* libz.dylib in Frameworks */ = {isa = PBXBuildFile; fileRef = 02867FDC1B17E85B00085453 /* libz.dylib */; };
		02867FDF1B17E86600085453 /* libsqlite3.dylib in Frameworks */ = {isa = PBXBuildFile; fileRef = 02867FDE1B17E86600085453 /* libsqlite3.dylib */; };
		029E52ED1B17D2160062A263 /* AppDelegate.swift in Sources */ = {isa = PBXBuildFile; fileRef = 029E52EC1B17D2160062A263 /* AppDelegate.swift */; };
		029E52F21B17D2160062A263 /* Main.storyboard in Resources */ = {isa = PBXBuildFile; fileRef = 029E52F01B17D2160062A263 /* Main.storyboard */; };
		029E52F41B17D2160062A263 /* Images.xcassets in Resources */ = {isa = PBXBuildFile; fileRef = 029E52F31B17D2160062A263 /* Images.xcassets */; };
		029E52F71B17D2160062A263 /* LaunchScreen.xib in Resources */ = {isa = PBXBuildFile; fileRef = 029E52F51B17D2160062A263 /* LaunchScreen.xib */; };
		029E53031B17D2160062A263 /* GAP3Tests.swift in Sources */ = {isa = PBXBuildFile; fileRef = 029E53021B17D2160062A263 /* GAP3Tests.swift */; };
		029E530F1B17E5340062A263 /* DetailViewController.swift in Sources */ = {isa = PBXBuildFile; fileRef = 029E530C1B17E5340062A263 /* DetailViewController.swift */; };
		029E53101B17E5340062A263 /* TableViewController.swift in Sources */ = {isa = PBXBuildFile; fileRef = 029E530D1B17E5340062A263 /* TableViewController.swift */; };
		029E53111B17E5340062A263 /* SignUpInViewController.swift in Sources */ = {isa = PBXBuildFile; fileRef = 029E530E1B17E5340062A263 /* SignUpInViewController.swift */; };
		029E53191B17E6860062A263 /* Bolts.framework in Frameworks */ = {isa = PBXBuildFile; fileRef = 029E53131B17E6860062A263 /* Bolts.framework */; };
		029E531A1B17E6860062A263 /* Parse.framework in Frameworks */ = {isa = PBXBuildFile; fileRef = 029E53141B17E6860062A263 /* Parse.framework */; };
		029E531B1B17E6860062A263 /* ParseCrashReporting.framework in Frameworks */ = {isa = PBXBuildFile; fileRef = 029E53151B17E6860062A263 /* ParseCrashReporting.framework */; };
		029E531C1B17E6860062A263 /* ParseFacebookUtils.framework in Frameworks */ = {isa = PBXBuildFile; fileRef = 029E53161B17E6860062A263 /* ParseFacebookUtils.framework */; };
		029E531D1B17E6860062A263 /* ParseFacebookUtilsV4.framework in Frameworks */ = {isa = PBXBuildFile; fileRef = 029E53171B17E6860062A263 /* ParseFacebookUtilsV4.framework */; };
		029E531E1B17E6860062A263 /* ParseUI.framework in Frameworks */ = {isa = PBXBuildFile; fileRef = 029E53181B17E6860062A263 /* ParseUI.framework */; };
/* End PBXBuildFile section */

/* Begin PBXContainerItemProxy section */
		029E52FD1B17D2160062A263 /* PBXContainerItemProxy */ = {
			isa = PBXContainerItemProxy;
			containerPortal = 029E52DF1B17D2160062A263 /* Project object */;
			proxyType = 1;
			remoteGlobalIDString = 029E52E61B17D2160062A263;
			remoteInfo = GAP3;
		};
/* End PBXContainerItemProxy section */

/* Begin PBXFileReference section */
		0271FDA61B17F43E00018EE6 /* GAP3-Bridging-Header.h */ = {isa = PBXFileReference; lastKnownFileType = sourcecode.c.h; path = "GAP3-Bridging-Header.h"; sourceTree = "<group>"; };
		028484BD1B17EA6B009D1516 /* AudioToolbox.framework */ = {isa = PBXFileReference; lastKnownFileType = wrapper.framework; name = AudioToolbox.framework; path = System/Library/Frameworks/AudioToolbox.framework; sourceTree = SDKROOT; };
		02867FCC1B17E80D00085453 /* AudioUnit.framework */ = {isa = PBXFileReference; lastKnownFileType = wrapper.framework; name = AudioUnit.framework; path = System/Library/Frameworks/AudioUnit.framework; sourceTree = SDKROOT; };
		02867FCE1B17E81300085453 /* CFNetwork.framework */ = {isa = PBXFileReference; lastKnownFileType = wrapper.framework; name = CFNetwork.framework; path = System/Library/Frameworks/CFNetwork.framework; sourceTree = SDKROOT; };
		02867FD01B17E81E00085453 /* CoreGraphics.framework */ = {isa = PBXFileReference; lastKnownFileType = wrapper.framework; name = CoreGraphics.framework; path = System/Library/Frameworks/CoreGraphics.framework; sourceTree = SDKROOT; };
		02867FD21B17E82700085453 /* MobileCoreServices.framework */ = {isa = PBXFileReference; lastKnownFileType = wrapper.framework; name = MobileCoreServices.framework; path = System/Library/Frameworks/MobileCoreServices.framework; sourceTree = SDKROOT; };
		02867FD41B17E83200085453 /* QuartzCore.framework */ = {isa = PBXFileReference; lastKnownFileType = wrapper.framework; name = QuartzCore.framework; path = System/Library/Frameworks/QuartzCore.framework; sourceTree = SDKROOT; };
		02867FD61B17E83E00085453 /* Security.framework */ = {isa = PBXFileReference; lastKnownFileType = wrapper.framework; name = Security.framework; path = System/Library/Frameworks/Security.framework; sourceTree = SDKROOT; };
		02867FD81B17E84400085453 /* StoreKit.framework */ = {isa = PBXFileReference; lastKnownFileType = wrapper.framework; name = StoreKit.framework; path = System/Library/Frameworks/StoreKit.framework; sourceTree = SDKROOT; };
		02867FDA1B17E85000085453 /* SystemConfiguration.framework */ = {isa = PBXFileReference; lastKnownFileType = wrapper.framework; name = SystemConfiguration.framework; path = System/Library/Frameworks/SystemConfiguration.framework; sourceTree = SDKROOT; };
		02867FDC1B17E85B00085453 /* libz.dylib */ = {isa = PBXFileReference; lastKnownFileType = "compiled.mach-o.dylib"; name = libz.dylib; path = usr/lib/libz.dylib; sourceTree = SDKROOT; };
		02867FDE1B17E86600085453 /* libsqlite3.dylib */ = {isa = PBXFileReference; lastKnownFileType = "compiled.mach-o.dylib"; name = libsqlite3.dylib; path = usr/lib/libsqlite3.dylib; sourceTree = SDKROOT; };
		029E52E71B17D2160062A263 /* GAP3.app */ = {isa = PBXFileReference; explicitFileType = wrapper.application; includeInIndex = 0; path = GAP3.app; sourceTree = BUILT_PRODUCTS_DIR; };
		029E52EB1B17D2160062A263 /* Info.plist */ = {isa = PBXFileReference; lastKnownFileType = text.plist.xml; path = Info.plist; sourceTree = "<group>"; };
		029E52EC1B17D2160062A263 /* AppDelegate.swift */ = {isa = PBXFileReference; lastKnownFileType = sourcecode.swift; path = AppDelegate.swift; sourceTree = "<group>"; };
		029E52F11B17D2160062A263 /* Base */ = {isa = PBXFileReference; lastKnownFileType = file.storyboard; name = Base; path = Base.lproj/Main.storyboard; sourceTree = "<group>"; };
		029E52F31B17D2160062A263 /* Images.xcassets */ = {isa = PBXFileReference; lastKnownFileType = folder.assetcatalog; path = Images.xcassets; sourceTree = "<group>"; };
		029E52F61B17D2160062A263 /* Base */ = {isa = PBXFileReference; lastKnownFileType = file.xib; name = Base; path = Base.lproj/LaunchScreen.xib; sourceTree = "<group>"; };
		029E52FC1B17D2160062A263 /* GAP3Tests.xctest */ = {isa = PBXFileReference; explicitFileType = wrapper.cfbundle; includeInIndex = 0; path = GAP3Tests.xctest; sourceTree = BUILT_PRODUCTS_DIR; };
		029E53011B17D2160062A263 /* Info.plist */ = {isa = PBXFileReference; lastKnownFileType = text.plist.xml; path = Info.plist; sourceTree = "<group>"; };
		029E53021B17D2160062A263 /* GAP3Tests.swift */ = {isa = PBXFileReference; lastKnownFileType = sourcecode.swift; path = GAP3Tests.swift; sourceTree = "<group>"; };
		029E530C1B17E5340062A263 /* DetailViewController.swift */ = {isa = PBXFileReference; fileEncoding = 4; lastKnownFileType = sourcecode.swift; path = DetailViewController.swift; sourceTree = "<group>"; };
		029E530D1B17E5340062A263 /* TableViewController.swift */ = {isa = PBXFileReference; fileEncoding = 4; lastKnownFileType = sourcecode.swift; path = TableViewController.swift; sourceTree = "<group>"; };
		029E530E1B17E5340062A263 /* SignUpInViewController.swift */ = {isa = PBXFileReference; fileEncoding = 4; lastKnownFileType = sourcecode.swift; path = SignUpInViewController.swift; sourceTree = "<group>"; };
		029E53131B17E6860062A263 /* Bolts.framework */ = {isa = PBXFileReference; lastKnownFileType = wrapper.framework; path = Bolts.framework; sourceTree = "<group>"; };
		029E53141B17E6860062A263 /* Parse.framework */ = {isa = PBXFileReference; lastKnownFileType = wrapper.framework; path = Parse.framework; sourceTree = "<group>"; };
		029E53151B17E6860062A263 /* ParseCrashReporting.framework */ = {isa = PBXFileReference; lastKnownFileType = wrapper.framework; path = ParseCrashReporting.framework; sourceTree = "<group>"; };
		029E53161B17E6860062A263 /* ParseFacebookUtils.framework */ = {isa = PBXFileReference; lastKnownFileType = wrapper.framework; path = ParseFacebookUtils.framework; sourceTree = "<group>"; };
		029E53171B17E6860062A263 /* ParseFacebookUtilsV4.framework */ = {isa = PBXFileReference; lastKnownFileType = wrapper.framework; path = ParseFacebookUtilsV4.framework; sourceTree = "<group>"; };
		029E53181B17E6860062A263 /* ParseUI.framework */ = {isa = PBXFileReference; lastKnownFileType = wrapper.framework; path = ParseUI.framework; sourceTree = "<group>"; };
/* End PBXFileReference section */

/* Begin PBXFrameworksBuildPhase section */
		029E52E41B17D2160062A263 /* Frameworks */ = {
			isa = PBXFrameworksBuildPhase;
			buildActionMask = 2147483647;
			files = (
				028484BE1B17EA6B009D1516 /* AudioToolbox.framework in Frameworks */,
				02867FDF1B17E86600085453 /* libsqlite3.dylib in Frameworks */,
				02867FDD1B17E85B00085453 /* libz.dylib in Frameworks */,
				02867FDB1B17E85000085453 /* SystemConfiguration.framework in Frameworks */,
				02867FD91B17E84400085453 /* StoreKit.framework in Frameworks */,
				02867FD71B17E83E00085453 /* Security.framework in Frameworks */,
				02867FD51B17E83200085453 /* QuartzCore.framework in Frameworks */,
				02867FD31B17E82700085453 /* MobileCoreServices.framework in Frameworks */,
				02867FD11B17E81E00085453 /* CoreGraphics.framework in Frameworks */,
				02867FCF1B17E81300085453 /* CFNetwork.framework in Frameworks */,
				029E531E1B17E6860062A263 /* ParseUI.framework in Frameworks */,
				029E531A1B17E6860062A263 /* Parse.framework in Frameworks */,
				029E531B1B17E6860062A263 /* ParseCrashReporting.framework in Frameworks */,
				029E531C1B17E6860062A263 /* ParseFacebookUtils.framework in Frameworks */,
				029E53191B17E6860062A263 /* Bolts.framework in Frameworks */,
				029E531D1B17E6860062A263 /* ParseFacebookUtilsV4.framework in Frameworks */,
			);
			runOnlyForDeploymentPostprocessing = 0;
		};
		029E52F91B17D2160062A263 /* Frameworks */ = {
			isa = PBXFrameworksBuildPhase;
			buildActionMask = 2147483647;
			files = (
			);
			runOnlyForDeploymentPostprocessing = 0;
		};
/* End PBXFrameworksBuildPhase section */

/* Begin PBXGroup section */
		02867FE01B17E90F00085453 /* Frameworks */ = {
			isa = PBXGroup;
			children = (
				028484BD1B17EA6B009D1516 /* AudioToolbox.framework */,
				029E53121B17E6860062A263 /* parse-library-1.7.4 */,
				02867FDE1B17E86600085453 /* libsqlite3.dylib */,
				02867FDC1B17E85B00085453 /* libz.dylib */,
				02867FDA1B17E85000085453 /* SystemConfiguration.framework */,
				02867FD81B17E84400085453 /* StoreKit.framework */,
				02867FD61B17E83E00085453 /* Security.framework */,
				02867FD41B17E83200085453 /* QuartzCore.framework */,
				02867FD21B17E82700085453 /* MobileCoreServices.framework */,
				02867FD01B17E81E00085453 /* CoreGraphics.framework */,
				02867FCE1B17E81300085453 /* CFNetwork.framework */,
				02867FCC1B17E80D00085453 /* AudioUnit.framework */,
			);
			name = Frameworks;
			sourceTree = "<group>";
		};
		029E52DE1B17D2160062A263 = {
			isa = PBXGroup;
			children = (
				02867FE01B17E90F00085453 /* Frameworks */,
				029E52E91B17D2160062A263 /* GAP3 */,
				029E52FF1B17D2160062A263 /* GAP3Tests */,
				029E52E81B17D2160062A263 /* Products */,
			);
			sourceTree = "<group>";
		};
		029E52E81B17D2160062A263 /* Products */ = {
			isa = PBXGroup;
			children = (
				029E52E71B17D2160062A263 /* GAP3.app */,
				029E52FC1B17D2160062A263 /* GAP3Tests.xctest */,
			);
			name = Products;
			sourceTree = "<group>";
		};
		029E52E91B17D2160062A263 /* GAP3 */ = {
			isa = PBXGroup;
			children = (
				029E530C1B17E5340062A263 /* DetailViewController.swift */,
				029E530D1B17E5340062A263 /* TableViewController.swift */,
				029E530E1B17E5340062A263 /* SignUpInViewController.swift */,
				029E52F01B17D2160062A263 /* Main.storyboard */,
				029E52EA1B17D2160062A263 /* Supporting Files */,
			);
			path = GAP3;
			sourceTree = "<group>";
		};
		029E52EA1B17D2160062A263 /* Supporting Files */ = {
			isa = PBXGroup;
			children = (
				029E52F51B17D2160062A263 /* LaunchScreen.xib */,
				029E52F31B17D2160062A263 /* Images.xcassets */,
				029E52EC1B17D2160062A263 /* AppDelegate.swift */,
				029E52EB1B17D2160062A263 /* Info.plist */,
				0271FDA61B17F43E00018EE6 /* GAP3-Bridging-Header.h */,
			);
			name = "Supporting Files";
			sourceTree = "<group>";
		};
		029E52FF1B17D2160062A263 /* GAP3Tests */ = {
			isa = PBXGroup;
			children = (
				029E53021B17D2160062A263 /* GAP3Tests.swift */,
				029E53001B17D2160062A263 /* Supporting Files */,
			);
			path = GAP3Tests;
			sourceTree = "<group>";
		};
		029E53001B17D2160062A263 /* Supporting Files */ = {
			isa = PBXGroup;
			children = (
				029E53011B17D2160062A263 /* Info.plist */,
			);
			name = "Supporting Files";
			sourceTree = "<group>";
		};
		029E53121B17E6860062A263 /* parse-library-1.7.4 */ = {
			isa = PBXGroup;
			children = (
				029E53131B17E6860062A263 /* Bolts.framework */,
				029E53141B17E6860062A263 /* Parse.framework */,
				029E53151B17E6860062A263 /* ParseCrashReporting.framework */,
				029E53161B17E6860062A263 /* ParseFacebookUtils.framework */,
				029E53171B17E6860062A263 /* ParseFacebookUtilsV4.framework */,
				029E53181B17E6860062A263 /* ParseUI.framework */,
			);
			path = "parse-library-1.7.4";
			sourceTree = "<group>";
		};
/* End PBXGroup section */

/* Begin PBXNativeTarget section */
		029E52E61B17D2160062A263 /* GAP3 */ = {
			isa = PBXNativeTarget;
			buildConfigurationList = 029E53061B17D2160062A263 /* Build configuration list for PBXNativeTarget "GAP3" */;
			buildPhases = (
				029E52E31B17D2160062A263 /* Sources */,
				029E52E41B17D2160062A263 /* Frameworks */,
				029E52E51B17D2160062A263 /* Resources */,
			);
			buildRules = (
			);
			dependencies = (
			);
			name = GAP3;
			productName = GAP3;
			productReference = 029E52E71B17D2160062A263 /* GAP3.app */;
			productType = "com.apple.product-type.application";
		};
		029E52FB1B17D2160062A263 /* GAP3Tests */ = {
			isa = PBXNativeTarget;
			buildConfigurationList = 029E53091B17D2160062A263 /* Build configuration list for PBXNativeTarget "GAP3Tests" */;
			buildPhases = (
				029E52F81B17D2160062A263 /* Sources */,
				029E52F91B17D2160062A263 /* Frameworks */,
				029E52FA1B17D2160062A263 /* Resources */,
			);
			buildRules = (
			);
			dependencies = (
				029E52FE1B17D2160062A263 /* PBXTargetDependency */,
			);
			name = GAP3Tests;
			productName = GAP3Tests;
			productReference = 029E52FC1B17D2160062A263 /* GAP3Tests.xctest */;
			productType = "com.apple.product-type.bundle.unit-test";
		};
/* End PBXNativeTarget section */

/* Begin PBXProject section */
		029E52DF1B17D2160062A263 /* Project object */ = {
			isa = PBXProject;
			attributes = {
				LastUpgradeCheck = 0630;
				ORGANIZATIONNAME = "Shane Hughes";
				TargetAttributes = {
					029E52E61B17D2160062A263 = {
						CreatedOnToolsVersion = 6.3;
					};
					029E52FB1B17D2160062A263 = {
						CreatedOnToolsVersion = 6.3;
						TestTargetID = 029E52E61B17D2160062A263;
					};
				};
			};
			buildConfigurationList = 029E52E21B17D2160062A263 /* Build configuration list for PBXProject "GAP3" */;
			compatibilityVersion = "Xcode 3.2";
			developmentRegion = English;
			hasScannedForEncodings = 0;
			knownRegions = (
				en,
				Base,
			);
			mainGroup = 029E52DE1B17D2160062A263;
			productRefGroup = 029E52E81B17D2160062A263 /* Products */;
			projectDirPath = "";
			projectRoot = "";
			targets = (
				029E52E61B17D2160062A263 /* GAP3 */,
				029E52FB1B17D2160062A263 /* GAP3Tests */,
			);
		};
/* End PBXProject section */

/* Begin PBXResourcesBuildPhase section */
		029E52E51B17D2160062A263 /* Resources */ = {
			isa = PBXResourcesBuildPhase;
			buildActionMask = 2147483647;
			files = (
				029E52F21B17D2160062A263 /* Main.storyboard in Resources */,
				029E52F71B17D2160062A263 /* LaunchScreen.xib in Resources */,
				029E52F41B17D2160062A263 /* Images.xcassets in Resources */,
			);
			runOnlyForDeploymentPostprocessing = 0;
		};
		029E52FA1B17D2160062A263 /* Resources */ = {
			isa = PBXResourcesBuildPhase;
			buildActionMask = 2147483647;
			files = (
			);
			runOnlyForDeploymentPostprocessing = 0;
		};
/* End PBXResourcesBuildPhase section */

/* Begin PBXSourcesBuildPhase section */
		029E52E31B17D2160062A263 /* Sources */ = {
			isa = PBXSourcesBuildPhase;
			buildActionMask = 2147483647;
			files = (
				029E52ED1B17D2160062A263 /* AppDelegate.swift in Sources */,
				029E53101B17E5340062A263 /* TableViewController.swift in Sources */,
				029E530F1B17E5340062A263 /* DetailViewController.swift in Sources */,
				029E53111B17E5340062A263 /* SignUpInViewController.swift in Sources */,
			);
			runOnlyForDeploymentPostprocessing = 0;
		};
		029E52F81B17D2160062A263 /* Sources */ = {
			isa = PBXSourcesBuildPhase;
			buildActionMask = 2147483647;
			files = (
				029E53031B17D2160062A263 /* GAP3Tests.swift in Sources */,
			);
			runOnlyForDeploymentPostprocessing = 0;
		};
/* End PBXSourcesBuildPhase section */

/* Begin PBXTargetDependency section */
		029E52FE1B17D2160062A263 /* PBXTargetDependency */ = {
			isa = PBXTargetDependency;
			target = 029E52E61B17D2160062A263 /* GAP3 */;
			targetProxy = 029E52FD1B17D2160062A263 /* PBXContainerItemProxy */;
		};
/* End PBXTargetDependency section */

/* Begin PBXVariantGroup section */
		029E52F01B17D2160062A263 /* Main.storyboard */ = {
			isa = PBXVariantGroup;
			children = (
				029E52F11B17D2160062A263 /* Base */,
			);
			name = Main.storyboard;
			sourceTree = "<group>";
		};
		029E52F51B17D2160062A263 /* LaunchScreen.xib */ = {
			isa = PBXVariantGroup;
			children = (
				029E52F61B17D2160062A263 /* Base */,
			);
			name = LaunchScreen.xib;
			sourceTree = "<group>";
		};
/* End PBXVariantGroup section */

/* Begin XCBuildConfiguration section */
		029E53041B17D2160062A263 /* Debug */ = {
			isa = XCBuildConfiguration;
			buildSettings = {
				ALWAYS_SEARCH_USER_PATHS = NO;
				CLANG_CXX_LANGUAGE_STANDARD = "gnu++0x";
				CLANG_CXX_LIBRARY = "libc++";
				CLANG_ENABLE_MODULES = YES;
				CLANG_ENABLE_OBJC_ARC = YES;
				CLANG_WARN_BOOL_CONVERSION = YES;
				CLANG_WARN_CONSTANT_CONVERSION = YES;
				CLANG_WARN_DIRECT_OBJC_ISA_USAGE = YES_ERROR;
				CLANG_WARN_EMPTY_BODY = YES;
				CLANG_WARN_ENUM_CONVERSION = YES;
				CLANG_WARN_INT_CONVERSION = YES;
				CLANG_WARN_OBJC_ROOT_CLASS = YES_ERROR;
				CLANG_WARN_UNREACHABLE_CODE = YES;
				CLANG_WARN__DUPLICATE_METHOD_MATCH = YES;
				"CODE_SIGN_IDENTITY[sdk=iphoneos*]" = "iPhone Developer";
				COPY_PHASE_STRIP = NO;
				DEBUG_INFORMATION_FORMAT = "dwarf-with-dsym";
				ENABLE_STRICT_OBJC_MSGSEND = YES;
				GCC_C_LANGUAGE_STANDARD = gnu99;
				GCC_DYNAMIC_NO_PIC = NO;
				GCC_NO_COMMON_BLOCKS = YES;
				GCC_OPTIMIZATION_LEVEL = 0;
				GCC_PREPROCESSOR_DEFINITIONS = (
					"DEBUG=1",
					"$(inherited)",
				);
				GCC_SYMBOLS_PRIVATE_EXTERN = NO;
				GCC_WARN_64_TO_32_BIT_CONVERSION = YES;
				GCC_WARN_ABOUT_RETURN_TYPE = YES_ERROR;
				GCC_WARN_UNDECLARED_SELECTOR = YES;
				GCC_WARN_UNINITIALIZED_AUTOS = YES_AGGRESSIVE;
				GCC_WARN_UNUSED_FUNCTION = YES;
				GCC_WARN_UNUSED_VARIABLE = YES;
				IPHONEOS_DEPLOYMENT_TARGET = 8.3;
				MTL_ENABLE_DEBUG_INFO = YES;
				ONLY_ACTIVE_ARCH = YES;
				SDKROOT = iphoneos;
				SWIFT_OPTIMIZATION_LEVEL = "-Onone";
				TARGETED_DEVICE_FAMILY = "1,2";
			};
			name = Debug;
		};
		029E53051B17D2160062A263 /* Release */ = {
			isa = XCBuildConfiguration;
			buildSettings = {
				ALWAYS_SEARCH_USER_PATHS = NO;
				CLANG_CXX_LANGUAGE_STANDARD = "gnu++0x";
				CLANG_CXX_LIBRARY = "libc++";
				CLANG_ENABLE_MODULES = YES;
				CLANG_ENABLE_OBJC_ARC = YES;
				CLANG_WARN_BOOL_CONVERSION = YES;
				CLANG_WARN_CONSTANT_CONVERSION = YES;
				CLANG_WARN_DIRECT_OBJC_ISA_USAGE = YES_ERROR;
				CLANG_WARN_EMPTY_BODY = YES;
				CLANG_WARN_ENUM_CONVERSION = YES;
				CLANG_WARN_INT_CONVERSION = YES;
				CLANG_WARN_OBJC_ROOT_CLASS = YES_ERROR;
				CLANG_WARN_UNREACHABLE_CODE = YES;
				CLANG_WARN__DUPLICATE_METHOD_MATCH = YES;
				"CODE_SIGN_IDENTITY[sdk=iphoneos*]" = "iPhone Developer";
				COPY_PHASE_STRIP = NO;
				DEBUG_INFORMATION_FORMAT = "dwarf-with-dsym";
				ENABLE_NS_ASSERTIONS = NO;
				ENABLE_STRICT_OBJC_MSGSEND = YES;
				GCC_C_LANGUAGE_STANDARD = gnu99;
				GCC_NO_COMMON_BLOCKS = YES;
				GCC_WARN_64_TO_32_BIT_CONVERSION = YES;
				GCC_WARN_ABOUT_RETURN_TYPE = YES_ERROR;
				GCC_WARN_UNDECLARED_SELECTOR = YES;
				GCC_WARN_UNINITIALIZED_AUTOS = YES_AGGRESSIVE;
				GCC_WARN_UNUSED_FUNCTION = YES;
				GCC_WARN_UNUSED_VARIABLE = YES;
				IPHONEOS_DEPLOYMENT_TARGET = 8.3;
				MTL_ENABLE_DEBUG_INFO = NO;
				SDKROOT = iphoneos;
				TARGETED_DEVICE_FAMILY = "1,2";
				VALIDATE_PRODUCT = YES;
			};
			name = Release;
		};
		029E53071B17D2160062A263 /* Debug */ = {
			isa = XCBuildConfiguration;
			buildSettings = {
				ASSETCATALOG_COMPILER_APPICON_NAME = AppIcon;
				FRAMEWORK_SEARCH_PATHS = (
					"$(inherited)",
					"$(PROJECT_DIR)/parse-library-1.7.4",
				);
				INFOPLIST_FILE = GAP3/Info.plist;
				LD_RUNPATH_SEARCH_PATHS = "$(inherited) @executable_path/Frameworks";
				PRODUCT_NAME = "$(TARGET_NAME)";
			};
			name = Debug;
		};
		029E53081B17D2160062A263 /* Release */ = {
			isa = XCBuildConfiguration;
			buildSettings = {
				ASSETCATALOG_COMPILER_APPICON_NAME = AppIcon;
				FRAMEWORK_SEARCH_PATHS = (
					"$(inherited)",
					"$(PROJECT_DIR)/parse-library-1.7.4",
				);
				INFOPLIST_FILE = GAP3/Info.plist;
				LD_RUNPATH_SEARCH_PATHS = "$(inherited) @executable_path/Frameworks";
				PRODUCT_NAME = "$(TARGET_NAME)";
			};
			name = Release;
		};
		029E530A1B17D2160062A263 /* Debug */ = {
			isa = XCBuildConfiguration;
			buildSettings = {
				BUNDLE_LOADER = "$(TEST_HOST)";
				FRAMEWORK_SEARCH_PATHS = (
					"$(SDKROOT)/Developer/Library/Frameworks",
					"$(inherited)",
				);
				GCC_PREPROCESSOR_DEFINITIONS = (
					"DEBUG=1",
					"$(inherited)",
				);
				INFOPLIST_FILE = GAP3Tests/Info.plist;
				LD_RUNPATH_SEARCH_PATHS = "$(inherited) @executable_path/Frameworks @loader_path/Frameworks";
				PRODUCT_NAME = "$(TARGET_NAME)";
				TEST_HOST = "$(BUILT_PRODUCTS_DIR)/GAP3.app/GAP3";
			};
			name = Debug;
		};
		029E530B1B17D2160062A263 /* Release */ = {
			isa = XCBuildConfiguration;
			buildSettings = {
				BUNDLE_LOADER = "$(TEST_HOST)";
				FRAMEWORK_SEARCH_PATHS = (
					"$(SDKROOT)/Developer/Library/Frameworks",
					"$(inherited)",
				);
				INFOPLIST_FILE = GAP3Tests/Info.plist;
				LD_RUNPATH_SEARCH_PATHS = "$(inherited) @executable_path/Frameworks @loader_path/Frameworks";
				PRODUCT_NAME = "$(TARGET_NAME)";
				TEST_HOST = "$(BUILT_PRODUCTS_DIR)/GAP3.app/GAP3";
			};
			name = Release;
		};
/* End XCBuildConfiguration section */

/* Begin XCConfigurationList section */
		029E52E21B17D2160062A263 /* Build configuration list for PBXProject "GAP3" */ = {
			isa = XCConfigurationList;
			buildConfigurations = (
				029E53041B17D2160062A263 /* Debug */,
				029E53051B17D2160062A263 /* Release */,
			);
			defaultConfigurationIsVisible = 0;
			defaultConfigurationName = Release;
		};
		029E53061B17D2160062A263 /* Build configuration list for PBXNativeTarget "GAP3" */ = {
			isa = XCConfigurationList;
			buildConfigurations = (
				029E53071B17D2160062A263 /* Debug */,
				029E53081B17D2160062A263 /* Release */,
			);
			defaultConfigurationIsVisible = 0;
			defaultConfigurationName = Release;
		};
		029E53091B17D2160062A263 /* Build configuration list for PBXNativeTarget "GAP3Tests" */ = {
			isa = XCConfigurationList;
			buildConfigurations = (
				029E530A1B17D2160062A263 /* Debug */,
				029E530B1B17D2160062A263 /* Release */,
			);
			defaultConfigurationIsVisible = 0;
			defaultConfigurationName = Release;
		};
/* End XCConfigurationList section */
	};
	rootObject = 029E52DF1B17D2160062A263 /* Project object */;
}
